
Microsoft Visual Studio Solution File, Format Version 12.00
# Visual Studio 15
VisualStudioVersion = 15.0.28010.0
MinimumVisualStudioVersion = 10.0.40219.1
Project("{9A19103F-16F7-4668-BE54-9A1E7A4F7556}") = "Workflow", "Workflow\Workflow.csproj", "{C20A7775-1AB1-4177-A3E7-089F907232DD}"
EndProject
Global
	GlobalSection(SolutionConfigurationPlatforms) = preSolution
		Build|Any CPU = Build|Any CPU
		Build|x86 = Build|x86
		Debug|Any CPU = Debug|Any CPU
		Debug|x86 = Debug|x86
		Live|Any CPU = Live|Any CPU
		Live|x86 = Live|x86
		Release|Any CPU = Release|Any CPU
		Release|x86 = Release|x86
		Staging|Any CPU = Staging|Any CPU
		Staging|x86 = Staging|x86
	EndGlobalSection
	GlobalSection(ProjectConfigurationPlatforms) = postSolution
		{C20A7775-1AB1-4177-A3E7-089F907232DD}.Build|Any CPU.ActiveCfg = Debug|Any CPU
		{C20A7775-1AB1-4177-A3E7-089F907232DD}.Build|Any CPU.Build.0 = Debug|Any CPU
		{C20A7775-1AB1-4177-A3E7-089F907232DD}.Build|x86.ActiveCfg = Debug|Any CPU
		{C20A7775-1AB1-4177-A3E7-089F907232DD}.Build|x86.Build.0 = Debug|Any CPU
		{C20A7775-1AB1-4177-A3E7-089F907232DD}.Debug|Any CPU.ActiveCfg = Debug|Any CPU
		{C20A7775-1AB1-4177-A3E7-089F907232DD}.Debug|Any CPU.Build.0 = Debug|Any CPU
		{C20A7775-1AB1-4177-A3E7-089F907232DD}.Debug|x86.ActiveCfg = Debug|Any CPU
		{C20A7775-1AB1-4177-A3E7-089F907232DD}.Debug|x86.Build.0 = Debug|Any CPU
		{C20A7775-1AB1-4177-A3E7-089F907232DD}.Live|Any CPU.ActiveCfg = Debug|Any CPU
		{C20A7775-1AB1-4177-A3E7-089F907232DD}.Live|Any CPU.Build.0 = Debug|Any CPU
		{C20A7775-1AB1-4177-A3E7-089F907232DD}.Live|x86.ActiveCfg = Debug|Any CPU
		{C20A7775-1AB1-4177-A3E7-089F907232DD}.Live|x86.Build.0 = Debug|Any CPU
		{C20A7775-1AB1-4177-A3E7-089F907232DD}.Release|Any CPU.ActiveCfg = Release|Any CPU
		{C20A7775-1AB1-4177-A3E7-089F907232DD}.Release|Any CPU.Build.0 = Release|Any CPU
		{C20A7775-1AB1-4177-A3E7-089F907232DD}.Release|x86.ActiveCfg = Release|Any CPU
		{C20A7775-1AB1-4177-A3E7-089F907232DD}.Release|x86.Build.0 = Release|Any CPU
		{C20A7775-1AB1-4177-A3E7-089F907232DD}.Staging|Any CPU.ActiveCfg = Debug|Any CPU
		{C20A7775-1AB1-4177-A3E7-089F907232DD}.Staging|Any CPU.Build.0 = Debug|Any CPU
		{C20A7775-1AB1-4177-A3E7-089F907232DD}.Staging|x86.ActiveCfg = Debug|Any CPU
		{C20A7775-1AB1-4177-A3E7-089F907232DD}.Staging|x86.Build.0 = Debug|Any CPU
	EndGlobalSection
	GlobalSection(SolutionProperties) = preSolution
		HideSolutionNode = FALSE
	EndGlobalSection
	GlobalSection(ExtensibilityGlobals) = postSolution
		SolutionGuid = {EA838C21-F08B-43C7-8CFB-07AB40A4F73A}
	EndGlobalSection
EndGlobal
